
Microsoft Visual Studio Solution File, Format Version 12.00
# Visual Studio Version 17
VisualStudioVersion = 17.8.34511.84
MinimumVisualStudioVersion = 10.0.40219.1
Project("{9A19103F-16F7-4668-BE54-9A1E7A4F7556}") = "数据标注脚本", "数据标注脚本.csproj", "{74785D15-3AAA-4303-A48C-12AA2E102957}"
EndProject
Project("{54435603-DBB4-11D2-8724-00A0C9A8B90C}") = "Setup1", "..\Setup1\Setup1.vdproj", "{2F9DF94C-9057-43D6-865F-EECD1897BEED}"
EndProject
Global
	GlobalSection(SolutionConfigurationPlatforms) = preSolution
		Debug|Any CPU = Debug|Any CPU
		Release|Any CPU = Release|Any CPU
	EndGlobalSection
	GlobalSection(ProjectConfigurationPlatforms) = postSolution
		{74785D15-3AAA-4303-A48C-12AA2E102957}.Debug|Any CPU.ActiveCfg = Debug|Any CPU
		{74785D15-3AAA-4303-A48C-12AA2E102957}.Debug|Any CPU.Build.0 = Debug|Any CPU
		{74785D15-3AAA-4303-A48C-12AA2E102957}.Release|Any CPU.ActiveCfg = Release|Any CPU
		{74785D15-3AAA-4303-A48C-12AA2E102957}.Release|Any CPU.Build.0 = Release|Any CPU
		{2F9DF94C-9057-43D6-865F-EECD1897BEED}.Debug|Any CPU.ActiveCfg = Debug
		{2F9DF94C-9057-43D6-865F-EECD1897BEED}.Release|Any CPU.ActiveCfg = Release
	EndGlobalSection
	GlobalSection(SolutionProperties) = preSolution
		HideSolutionNode = FALSE
	EndGlobalSection
	GlobalSection(ExtensibilityGlobals) = postSolution
		SolutionGuid = {1F5AB407-482C-4D25-B8C8-9D8EB0065C8B}
	EndGlobalSection
EndGlobal
